# Generated by buf. DO NOT EDIT.
version: v2
deps:
  - name: buf.build/bufbuild/protovalidate
    commit: 50325440f8f24053b047484a6bf60b76
    digest: b5:74cb6f5c0853c3c10aafc701614194bbd63326bdb8ef4068214454b8894b03ba4113e04b3a33a8321cdf05336e37db4dc14a5e2495db8462566914f36086ba31
  - name: buf.build/fztcjjl/quix
    commit: f5ffcfaa44db4b8aa24a4498bb20497d
    digest: b5:9ff5da5dc4e29a504353ea3a9c281a8c515e853b0983b1c99d1cc332308cf0b54e6fcae34739264f8975bd262f4823497d77dad0fc54c0ce41121426c1a8d457
  - name: buf.build/googleapis/googleapis
    commit: c17df5b2beca46928cc87d5656bd5343
    digest: b5:648a01e0170d4512dea7d564016165decd1ed6e34bef79fe54753e51ad7e27545709ad9157d7551270147d551155c595a2fb0bf5bb33b1c83040ddbce915c604
